// !$*UTF8*$!
{
	archiveVersion = 1;
	classes = {
	};
	objectVersion = 55;
	objects = {

/* Begin PBXBuildFile section */
		492B35E4289371E9008A1AF7 /* CardImageView.swift in Sources */ = {isa = PBXBuildFile; fileRef = 492B35E3289371E9008A1AF7 /* CardImageView.swift */; };
		492B35E7289753F7008A1AF7 /* CardView.swift in Sources */ = {isa = PBXBuildFile; fileRef = 492B35E6289753F7008A1AF7 /* CardView.swift */; };
		492B35E92898B494008A1AF7 /* FullScreenCard.swift in Sources */ = {isa = PBXBuildFile; fileRef = 492B35E82898B494008A1AF7 /* FullScreenCard.swift */; };
		49C0A6B82863DE750014890B /* TenderApp.swift in Sources */ = {isa = PBXBuildFile; fileRef = 49C0A6B72863DE750014890B /* TenderApp.swift */; };
		49C0A6BA2863DE750014890B /* ContentView.swift in Sources */ = {isa = PBXBuildFile; fileRef = 49C0A6B92863DE750014890B /* ContentView.swift */; };
		49C0A6BC2863DE760014890B /* Assets.xcassets in Resources */ = {isa = PBXBuildFile; fileRef = 49C0A6BB2863DE760014890B /* Assets.xcassets */; };
		49C0A6BF2863DE760014890B /* Preview Assets.xcassets in Resources */ = {isa = PBXBuildFile; fileRef = 49C0A6BE2863DE760014890B /* Preview Assets.xcassets */; };
		49C0A6C92863DFE90014890B /* MainView.swift in Sources */ = {isa = PBXBuildFile; fileRef = 49C0A6C82863DFE90014890B /* MainView.swift */; };
		49C0A6CB2863E1570014890B /* AppStateManager.swift in Sources */ = {isa = PBXBuildFile; fileRef = 49C0A6CA2863E1570014890B /* AppStateManager.swift */; };
		49C0A6CE2863E1CD0014890B /* Kingfisher in Frameworks */ = {isa = PBXBuildFile; productRef = 49C0A6CD2863E1CD0014890B /* Kingfisher */; };
		49C0A6D12863E30C0014890B /* ProfileView.swift in Sources */ = {isa = PBXBuildFile; fileRef = 49C0A6D02863E30C0014890B /* ProfileView.swift */; };
		49C0A6D32863E3BD0014890B /* ProfileButtonView.swift in Sources */ = {isa = PBXBuildFile; fileRef = 49C0A6D22863E3BD0014890B /* ProfileButtonView.swift */; };
		49C0A6D52863E3E30014890B /* ProfileImageView.swift in Sources */ = {isa = PBXBuildFile; fileRef = 49C0A6D42863E3E30014890B /* ProfileImageView.swift */; };
		49C0A6D72863E4160014890B /* ProfilePromoView.swift in Sources */ = {isa = PBXBuildFile; fileRef = 49C0A6D62863E4160014890B /* ProfilePromoView.swift */; };
		49C0A6D92863E4380014890B /* ProfilePromoSwipeView.swift in Sources */ = {isa = PBXBuildFile; fileRef = 49C0A6D82863E4380014890B /* ProfilePromoSwipeView.swift */; };
		49C0A6DB2863E4940014890B /* ProfilePromoButton.swift in Sources */ = {isa = PBXBuildFile; fileRef = 49C0A6DA2863E4940014890B /* ProfilePromoButton.swift */; };
		49C0A6DD2863E4E20014890B /* TabBarButtonView.swift in Sources */ = {isa = PBXBuildFile; fileRef = 49C0A6DC2863E4E20014890B /* TabBarButtonView.swift */; };
		49C0A6E12863E5240014890B /* Extension.swift in Sources */ = {isa = PBXBuildFile; fileRef = 49C0A6E02863E5240014890B /* Extension.swift */; };
		49C0A6E42863E54B0014890B /* Person.swift in Sources */ = {isa = PBXBuildFile; fileRef = 49C0A6E32863E54B0014890B /* Person.swift */; };
		49C0A6E62863E5620014890B /* MessagePreview.swift in Sources */ = {isa = PBXBuildFile; fileRef = 49C0A6E52863E5620014890B /* MessagePreview.swift */; };
		49C0A6E82863E56D0014890B /* Message.swift in Sources */ = {isa = PBXBuildFile; fileRef = 49C0A6E72863E56D0014890B /* Message.swift */; };
		49C0A6EB2863E6780014890B /* MessagesView.swift in Sources */ = {isa = PBXBuildFile; fileRef = 49C0A6EA2863E6780014890B /* MessagesView.swift */; };
		49C0A6ED2863E68E0014890B /* ChatManager.swift in Sources */ = {isa = PBXBuildFile; fileRef = 49C0A6EC2863E68E0014890B /* ChatManager.swift */; };
		49C0A6F12863E6C90014890B /* ChatView.swift in Sources */ = {isa = PBXBuildFile; fileRef = 49C0A6F02863E6C90014890B /* ChatView.swift */; };
		49C0A6F32863E6D80014890B /* ChatHeaderView.swift in Sources */ = {isa = PBXBuildFile; fileRef = 49C0A6F22863E6D80014890B /* ChatHeaderView.swift */; };
		49CDC7C3286C007B003A4B72 /* MessageListView.swift in Sources */ = {isa = PBXBuildFile; fileRef = 49CDC7C2286C007B003A4B72 /* MessageListView.swift */; };
		49CDC7C5286C00C9003A4B72 /* MessagesListViewModel.swift in Sources */ = {isa = PBXBuildFile; fileRef = 49CDC7C4286C00C9003A4B72 /* MessagesListViewModel.swift */; };
		49CDC7C7286E8439003A4B72 /* MessageRowView.swift in Sources */ = {isa = PBXBuildFile; fileRef = 49CDC7C6286E8439003A4B72 /* MessageRowView.swift */; };
		49CDC7C92870F4BD003A4B72 /* UserManager.swift in Sources */ = {isa = PBXBuildFile; fileRef = 49CDC7C82870F4BD003A4B72 /* UserManager.swift */; };
		49CDC7CB2870F6B4003A4B72 /* User.swift in Sources */ = {isa = PBXBuildFile; fileRef = 49CDC7CA2870F6B4003A4B72 /* User.swift */; };
		49CDC7CE2870FECE003A4B72 /* LikesView.swift in Sources */ = {isa = PBXBuildFile; fileRef = 49CDC7CD2870FECE003A4B72 /* LikesView.swift */; };
		49CDC7D4287252B9003A4B72 /* PersonSquare.swift in Sources */ = {isa = PBXBuildFile; fileRef = 49CDC7D3287252B9003A4B72 /* PersonSquare.swift */; };
		49CDC7D8287FC09E003A4B72 /* TopPicksView.swift in Sources */ = {isa = PBXBuildFile; fileRef = 49CDC7D7287FC09E003A4B72 /* TopPicksView.swift */; };
		49CDC7DA287FC2A9003A4B72 /* MatchesView.swift in Sources */ = {isa = PBXBuildFile; fileRef = 49CDC7D9287FC2A9003A4B72 /* MatchesView.swift */; };
		49CDC7DC2881FC36003A4B72 /* PurchasePopup.swift in Sources */ = {isa = PBXBuildFile; fileRef = 49CDC7DB2881FC36003A4B72 /* PurchasePopup.swift */; };
		49CDC7E1288E1805003A4B72 /* PurchaseSwipePromo.swift in Sources */ = {isa = PBXBuildFile; fileRef = 49CDC7E0288E1805003A4B72 /* PurchaseSwipePromo.swift */; };
		49CDC7E3288E314D003A4B72 /* PurchaseOptionView.swift in Sources */ = {isa = PBXBuildFile; fileRef = 49CDC7E2288E314D003A4B72 /* PurchaseOptionView.swift */; };
		49CDC7E5288E318E003A4B72 /* Subscription.swift in Sources */ = {isa = PBXBuildFile; fileRef = 49CDC7E4288E318E003A4B72 /* Subscription.swift */; };
		49CDC7E7288F9631003A4B72 /* RoundedCorner.swift in Sources */ = {isa = PBXBuildFile; fileRef = 49CDC7E6288F9631003A4B72 /* RoundedCorner.swift */; };
/* End PBXBuildFile section */

/* Begin PBXFileReference section */
		492B35E3289371E9008A1AF7 /* CardImageView.swift */ = {isa = PBXFileReference; lastKnownFileType = sourcecode.swift; path = CardImageView.swift; sourceTree = "<group>"; };
		492B35E6289753F7008A1AF7 /* CardView.swift */ = {isa = PBXFileReference; lastKnownFileType = sourcecode.swift; path = CardView.swift; sourceTree = "<group>"; };
		492B35E82898B494008A1AF7 /* FullScreenCard.swift */ = {isa = PBXFileReference; lastKnownFileType = sourcecode.swift; path = FullScreenCard.swift; sourceTree = "<group>"; };
		49C0A6B42863DE750014890B /* Tender.app */ = {isa = PBXFileReference; explicitFileType = wrapper.application; includeInIndex = 0; path = Tender.app; sourceTree = BUILT_PRODUCTS_DIR; };
		49C0A6B72863DE750014890B /* TenderApp.swift */ = {isa = PBXFileReference; lastKnownFileType = sourcecode.swift; path = TenderApp.swift; sourceTree = "<group>"; };
		49C0A6B92863DE750014890B /* ContentView.swift */ = {isa = PBXFileReference; lastKnownFileType = sourcecode.swift; path = ContentView.swift; sourceTree = "<group>"; };
		49C0A6BB2863DE760014890B /* Assets.xcassets */ = {isa = PBXFileReference; lastKnownFileType = folder.assetcatalog; path = Assets.xcassets; sourceTree = "<group>"; };
		49C0A6BE2863DE760014890B /* Preview Assets.xcassets */ = {isa = PBXFileReference; lastKnownFileType = folder.assetcatalog; path = "Preview Assets.xcassets"; sourceTree = "<group>"; };
		49C0A6C82863DFE90014890B /* MainView.swift */ = {isa = PBXFileReference; lastKnownFileType = sourcecode.swift; path = MainView.swift; sourceTree = "<group>"; };
		49C0A6CA2863E1570014890B /* AppStateManager.swift */ = {isa = PBXFileReference; lastKnownFileType = sourcecode.swift; path = AppStateManager.swift; sourceTree = "<group>"; };
		49C0A6D02863E30C0014890B /* ProfileView.swift */ = {isa = PBXFileReference; lastKnownFileType = sourcecode.swift; path = ProfileView.swift; sourceTree = "<group>"; };
		49C0A6D22863E3BD0014890B /* ProfileButtonView.swift */ = {isa = PBXFileReference; lastKnownFileType = sourcecode.swift; path = ProfileButtonView.swift; sourceTree = "<group>"; };
		49C0A6D42863E3E30014890B /* ProfileImageView.swift */ = {isa = PBXFileReference; lastKnownFileType = sourcecode.swift; path = ProfileImageView.swift; sourceTree = "<group>"; };
		49C0A6D62863E4160014890B /* ProfilePromoView.swift */ = {isa = PBXFileReference; lastKnownFileType = sourcecode.swift; path = ProfilePromoView.swift; sourceTree = "<group>"; };
		49C0A6D82863E4380014890B /* ProfilePromoSwipeView.swift */ = {isa = PBXFileReference; lastKnownFileType = sourcecode.swift; path = ProfilePromoSwipeView.swift; sourceTree = "<group>"; };
		49C0A6DA2863E4940014890B /* ProfilePromoButton.swift */ = {isa = PBXFileReference; lastKnownFileType = sourcecode.swift; path = ProfilePromoButton.swift; sourceTree = "<group>"; };
		49C0A6DC2863E4E20014890B /* TabBarButtonView.swift */ = {isa = PBXFileReference; lastKnownFileType = sourcecode.swift; path = TabBarButtonView.swift; sourceTree = "<group>"; };
		49C0A6E02863E5240014890B /* Extension.swift */ = {isa = PBXFileReference; lastKnownFileType = sourcecode.swift; path = Extension.swift; sourceTree = "<group>"; };
		49C0A6E32863E54B0014890B /* Person.swift */ = {isa = PBXFileReference; lastKnownFileType = sourcecode.swift; path = Person.swift; sourceTree = "<group>"; };
		49C0A6E52863E5620014890B /* MessagePreview.swift */ = {isa = PBXFileReference; lastKnownFileType = sourcecode.swift; path = MessagePreview.swift; sourceTree = "<group>"; };
		49C0A6E72863E56D0014890B /* Message.swift */ = {isa = PBXFileReference; lastKnownFileType = sourcecode.swift; path = Message.swift; sourceTree = "<group>"; };
		49C0A6EA2863E6780014890B /* MessagesView.swift */ = {isa = PBXFileReference; lastKnownFileType = sourcecode.swift; path = MessagesView.swift; sourceTree = "<group>"; };
		49C0A6EC2863E68E0014890B /* ChatManager.swift */ = {isa = PBXFileReference; lastKnownFileType = sourcecode.swift; path = ChatManager.swift; sourceTree = "<group>"; };
		49C0A6F02863E6C90014890B /* ChatView.swift */ = {isa = PBXFileReference; lastKnownFileType = sourcecode.swift; path = ChatView.swift; sourceTree = "<group>"; };
		49C0A6F22863E6D80014890B /* ChatHeaderView.swift */ = {isa = PBXFileReference; lastKnownFileType = sourcecode.swift; path = ChatHeaderView.swift; sourceTree = "<group>"; };
		49CDC7C2286C007B003A4B72 /* MessageListView.swift */ = {isa = PBXFileReference; lastKnownFileType = sourcecode.swift; path = MessageListView.swift; sourceTree = "<group>"; };
		49CDC7C4286C00C9003A4B72 /* MessagesListViewModel.swift */ = {isa = PBXFileReference; lastKnownFileType = sourcecode.swift; path = MessagesListViewModel.swift; sourceTree = "<group>"; };
		49CDC7C6286E8439003A4B72 /* MessageRowView.swift */ = {isa = PBXFileReference; lastKnownFileType = sourcecode.swift; path = MessageRowView.swift; sourceTree = "<group>"; };
		49CDC7C82870F4BD003A4B72 /* UserManager.swift */ = {isa = PBXFileReference; lastKnownFileType = sourcecode.swift; path = UserManager.swift; sourceTree = "<group>"; };
		49CDC7CA2870F6B4003A4B72 /* User.swift */ = {isa = PBXFileReference; lastKnownFileType = sourcecode.swift; path = User.swift; sourceTree = "<group>"; };
		49CDC7CD2870FECE003A4B72 /* LikesView.swift */ = {isa = PBXFileReference; lastKnownFileType = sourcecode.swift; path = LikesView.swift; sourceTree = "<group>"; };
		49CDC7D3287252B9003A4B72 /* PersonSquare.swift */ = {isa = PBXFileReference; lastKnownFileType = sourcecode.swift; path = PersonSquare.swift; sourceTree = "<group>"; };
		49CDC7D7287FC09E003A4B72 /* TopPicksView.swift */ = {isa = PBXFileReference; lastKnownFileType = sourcecode.swift; path = TopPicksView.swift; sourceTree = "<group>"; };
		49CDC7D9287FC2A9003A4B72 /* MatchesView.swift */ = {isa = PBXFileReference; lastKnownFileType = sourcecode.swift; path = MatchesView.swift; sourceTree = "<group>"; };
		49CDC7DB2881FC36003A4B72 /* PurchasePopup.swift */ = {isa = PBXFileReference; lastKnownFileType = sourcecode.swift; path = PurchasePopup.swift; sourceTree = "<group>"; };
		49CDC7E0288E1805003A4B72 /* PurchaseSwipePromo.swift */ = {isa = PBXFileReference; lastKnownFileType = sourcecode.swift; path = PurchaseSwipePromo.swift; sourceTree = "<group>"; };
		49CDC7E2288E314D003A4B72 /* PurchaseOptionView.swift */ = {isa = PBXFileReference; lastKnownFileType = sourcecode.swift; path = PurchaseOptionView.swift; sourceTree = "<group>"; };
		49CDC7E4288E318E003A4B72 /* Subscription.swift */ = {isa = PBXFileReference; lastKnownFileType = sourcecode.swift; path = Subscription.swift; sourceTree = "<group>"; };
		49CDC7E6288F9631003A4B72 /* RoundedCorner.swift */ = {isa = PBXFileReference; lastKnownFileType = sourcecode.swift; path = RoundedCorner.swift; sourceTree = "<group>"; };
/* End PBXFileReference section */

/* Begin PBXFrameworksBuildPhase section */
		49C0A6B12863DE750014890B /* Frameworks */ = {
			isa = PBXFrameworksBuildPhase;
			buildActionMask = 2147483647;
			files = (
				49C0A6CE2863E1CD0014890B /* Kingfisher in Frameworks */,
			);
			runOnlyForDeploymentPostprocessing = 0;
		};
/* End PBXFrameworksBuildPhase section */

/* Begin PBXGroup section */
		492B35E2289371B9008A1AF7 /* v */ = {
			isa = PBXGroup;
			children = (
				492B35E3289371E9008A1AF7 /* CardImageView.swift */,
				492B35E6289753F7008A1AF7 /* CardView.swift */,
				492B35E82898B494008A1AF7 /* FullScreenCard.swift */,
			);
			path = v;
			sourceTree = "<group>";
		};
		492B35E5289371F3008A1AF7 /* Home */ = {
			isa = PBXGroup;
			children = (
				492B35E2289371B9008A1AF7 /* v */,
			);
			path = Home;
			sourceTree = "<group>";
		};
		49C0A6AB2863DE750014890B = {
			isa = PBXGroup;
			children = (
				49C0A6B62863DE750014890B /* Tender */,
				49C0A6B52863DE750014890B /* Products */,
			);
			sourceTree = "<group>";
		};
		49C0A6B52863DE750014890B /* Products */ = {
			isa = PBXGroup;
			children = (
				49C0A6B42863DE750014890B /* Tender.app */,
			);
			name = Products;
			sourceTree = "<group>";
		};
		49C0A6B62863DE750014890B /* Tender */ = {
			isa = PBXGroup;
			children = (
				492B35E5289371F3008A1AF7 /* Home */,
				49CDC7CC2870FEB8003A4B72 /* MatchesView */,
				49C0A6E92863E5FC0014890B /* Messages */,
				49C0A6E22863E5350014890B /* Model */,
				49C0A6DF2863E5110014890B /* Extensions */,
				49C0A6CF2863E2FC0014890B /* Profile */,
				49C0A6C72863DF6E0014890B /* App */,
				49C0A6BB2863DE760014890B /* Assets.xcassets */,
				49C0A6BD2863DE760014890B /* Preview Content */,
				49CDC7DD2881FC3C003A4B72 /* Popup */,
			);
			path = Tender;
			sourceTree = "<group>";
		};
		49C0A6BD2863DE760014890B /* Preview Content */ = {
			isa = PBXGroup;
			children = (
				49C0A6BE2863DE760014890B /* Preview Assets.xcassets */,
			);
			path = "Preview Content";
			sourceTree = "<group>";
		};
		49C0A6C72863DF6E0014890B /* App */ = {
			isa = PBXGroup;
			children = (
				49C0A6B92863DE750014890B /* ContentView.swift */,
				49C0A6B72863DE750014890B /* TenderApp.swift */,
				49C0A6C82863DFE90014890B /* MainView.swift */,
				49C0A6CA2863E1570014890B /* AppStateManager.swift */,
				49CDC7C82870F4BD003A4B72 /* UserManager.swift */,
			);
			path = App;
			sourceTree = "<group>";
		};
		49C0A6CF2863E2FC0014890B /* Profile */ = {
			isa = PBXGroup;
			children = (
				49C0A6D02863E30C0014890B /* ProfileView.swift */,
				49C0A6D62863E4160014890B /* ProfilePromoView.swift */,
				49C0A6D22863E3BD0014890B /* ProfileButtonView.swift */,
				49C0A6D42863E3E30014890B /* ProfileImageView.swift */,
				49C0A6D82863E4380014890B /* ProfilePromoSwipeView.swift */,
				49C0A6DA2863E4940014890B /* ProfilePromoButton.swift */,
				49C0A6DC2863E4E20014890B /* TabBarButtonView.swift */,
			);
			path = Profile;
			sourceTree = "<group>";
		};
		49C0A6DF2863E5110014890B /* Extensions */ = {
			isa = PBXGroup;
			children = (
				49C0A6E02863E5240014890B /* Extension.swift */,
				49CDC7E6288F9631003A4B72 /* RoundedCorner.swift */,
			);
			path = Extensions;
			sourceTree = "<group>";
		};
		49C0A6E22863E5350014890B /* Model */ = {
			isa = PBXGroup;
			children = (
				49C0A6E32863E54B0014890B /* Person.swift */,
				49C0A6E52863E5620014890B /* MessagePreview.swift */,
				49C0A6E72863E56D0014890B /* Message.swift */,
				49CDC7CA2870F6B4003A4B72 /* User.swift */,
				49CDC7E4288E318E003A4B72 /* Subscription.swift */,
			);
			path = Model;
			sourceTree = "<group>";
		};
		49C0A6E92863E5FC0014890B /* Messages */ = {
			isa = PBXGroup;
			children = (
				49C0A6EA2863E6780014890B /* MessagesView.swift */,
				49C0A6EC2863E68E0014890B /* ChatManager.swift */,
				49C0A6F02863E6C90014890B /* ChatView.swift */,
				49C0A6F22863E6D80014890B /* ChatHeaderView.swift */,
				49CDC7C2286C007B003A4B72 /* MessageListView.swift */,
				49CDC7C4286C00C9003A4B72 /* MessagesListViewModel.swift */,
				49CDC7C6286E8439003A4B72 /* MessageRowView.swift */,
			);
			path = Messages;
			sourceTree = "<group>";
		};
		49CDC7CC2870FEB8003A4B72 /* MatchesView */ = {
			isa = PBXGroup;
			children = (
				49CDC7CD2870FECE003A4B72 /* LikesView.swift */,
				49CDC7D7287FC09E003A4B72 /* TopPicksView.swift */,
				49CDC7D9287FC2A9003A4B72 /* MatchesView.swift */,
				49CDC7D3287252B9003A4B72 /* PersonSquare.swift */,
			);
			path = MatchesView;
			sourceTree = "<group>";
		};
		49CDC7DD2881FC3C003A4B72 /* Popup */ = {
			isa = PBXGroup;
			children = (
				49CDC7DB2881FC36003A4B72 /* PurchasePopup.swift */,
				49CDC7E2288E314D003A4B72 /* PurchaseOptionView.swift */,
				49CDC7E0288E1805003A4B72 /* PurchaseSwipePromo.swift */,
			);
			path = Popup;
			sourceTree = "<group>";
		};
/* End PBXGroup section */

/* Begin PBXNativeTarget section */
		49C0A6B32863DE750014890B /* Tender */ = {
			isa = PBXNativeTarget;
			buildConfigurationList = 49C0A6C22863DE760014890B /* Build configuration list for PBXNativeTarget "Tender" */;
			buildPhases = (
				49C0A6B02863DE750014890B /* Sources */,
				49C0A6B12863DE750014890B /* Frameworks */,
				49C0A6B22863DE750014890B /* Resources */,
			);
			buildRules = (
			);
			dependencies = (
			);
			name = Tender;
			packageProductDependencies = (
				49C0A6CD2863E1CD0014890B /* Kingfisher */,
			);
			productName = Tender;
			productReference = 49C0A6B42863DE750014890B /* Tender.app */;
			productType = "com.apple.product-type.application";
		};
/* End PBXNativeTarget section */

/* Begin PBXProject section */
		49C0A6AC2863DE750014890B /* Project object */ = {
			isa = PBXProject;
			attributes = {
				BuildIndependentTargetsInParallel = 1;
				LastSwiftUpdateCheck = 1340;
				LastUpgradeCheck = 1340;
				TargetAttributes = {
					49C0A6B32863DE750014890B = {
						CreatedOnToolsVersion = 13.4.1;
					};
				};
			};
			buildConfigurationList = 49C0A6AF2863DE750014890B /* Build configuration list for PBXProject "Tender" */;
			compatibilityVersion = "Xcode 13.0";
			developmentRegion = en;
			hasScannedForEncodings = 0;
			knownRegions = (
				en,
				Base,
			);
			mainGroup = 49C0A6AB2863DE750014890B;
			packageReferences = (
				49C0A6CC2863E1CD0014890B /* XCRemoteSwiftPackageReference "Kingfisher" */,
			);
			productRefGroup = 49C0A6B52863DE750014890B /* Products */;
			projectDirPath = "";
			projectRoot = "";
			targets = (
				49C0A6B32863DE750014890B /* Tender */,
			);
		};
/* End PBXProject section */

/* Begin PBXResourcesBuildPhase section */
		49C0A6B22863DE750014890B /* Resources */ = {
			isa = PBXResourcesBuildPhase;
			buildActionMask = 2147483647;
			files = (
				49C0A6BF2863DE760014890B /* Preview Assets.xcassets in Resources */,
				49C0A6BC2863DE760014890B /* Assets.xcassets in Resources */,
			);
			runOnlyForDeploymentPostprocessing = 0;
		};
/* End PBXResourcesBuildPhase section */

/* Begin PBXSourcesBuildPhase section */
		49C0A6B02863DE750014890B /* Sources */ = {
			isa = PBXSourcesBuildPhase;
			buildActionMask = 2147483647;
			files = (
				492B35E92898B494008A1AF7 /* FullScreenCard.swift in Sources */,
				49C0A6ED2863E68E0014890B /* ChatManager.swift in Sources */,
				49C0A6EB2863E6780014890B /* MessagesView.swift in Sources */,
				49C0A6BA2863DE750014890B /* ContentView.swift in Sources */,
				49CDC7D8287FC09E003A4B72 /* TopPicksView.swift in Sources */,
				49CDC7D4287252B9003A4B72 /* PersonSquare.swift in Sources */,
				49CDC7C7286E8439003A4B72 /* MessageRowView.swift in Sources */,
				49C0A6DB2863E4940014890B /* ProfilePromoButton.swift in Sources */,
				49CDC7E1288E1805003A4B72 /* PurchaseSwipePromo.swift in Sources */,
				49C0A6F32863E6D80014890B /* ChatHeaderView.swift in Sources */,
				49CDC7E7288F9631003A4B72 /* RoundedCorner.swift in Sources */,
				49CDC7DA287FC2A9003A4B72 /* MatchesView.swift in Sources */,
				49C0A6F12863E6C90014890B /* ChatView.swift in Sources */,
				49CDC7C92870F4BD003A4B72 /* UserManager.swift in Sources */,
				49C0A6D52863E3E30014890B /* ProfileImageView.swift in Sources */,
				492B35E4289371E9008A1AF7 /* CardImageView.swift in Sources */,
				49CDC7CE2870FECE003A4B72 /* LikesView.swift in Sources */,
				49C0A6E12863E5240014890B /* Extension.swift in Sources */,
				49CDC7C3286C007B003A4B72 /* MessageListView.swift in Sources */,
				49CDC7C5286C00C9003A4B72 /* MessagesListViewModel.swift in Sources */,
				49C0A6D72863E4160014890B /* ProfilePromoView.swift in Sources */,
				49CDC7E5288E318E003A4B72 /* Subscription.swift in Sources */,
				49C0A6CB2863E1570014890B /* AppStateManager.swift in Sources */,
				49C0A6D92863E4380014890B /* ProfilePromoSwipeView.swift in Sources */,
				49C0A6D12863E30C0014890B /* ProfileView.swift in Sources */,
				49C0A6DD2863E4E20014890B /* TabBarButtonView.swift in Sources */,
				49C0A6C92863DFE90014890B /* MainView.swift in Sources */,
				49CDC7DC2881FC36003A4B72 /* PurchasePopup.swift in Sources */,
				49C0A6E42863E54B0014890B /* Person.swift in Sources */,
				49CDC7E3288E314D003A4B72 /* PurchaseOptionView.swift in Sources */,
				492B35E7289753F7008A1AF7 /* CardView.swift in Sources */,
				49C0A6D32863E3BD0014890B /* ProfileButtonView.swift in Sources */,
				49CDC7CB2870F6B4003A4B72 /* User.swift in Sources */,
				49C0A6E82863E56D0014890B /* Message.swift in Sources */,
				49C0A6E62863E5620014890B /* MessagePreview.swift in Sources */,
				49C0A6B82863DE750014890B /* TenderApp.swift in Sources */,
			);
			runOnlyForDeploymentPostprocessing = 0;
		};
/* End PBXSourcesBuildPhase section */

/* Begin XCBuildConfiguration section */
		49C0A6C02863DE760014890B /* Debug */ = {
			isa = XCBuildConfiguration;
			buildSettings = {
				ALWAYS_SEARCH_USER_PATHS = NO;
				CLANG_ANALYZER_NONNULL = YES;
				CLANG_ANALYZER_NUMBER_OBJECT_CONVERSION = YES_AGGRESSIVE;
				CLANG_CXX_LANGUAGE_STANDARD = "gnu++17";
				CLANG_ENABLE_MODULES = YES;
				CLANG_ENABLE_OBJC_ARC = YES;
				CLANG_ENABLE_OBJC_WEAK = YES;
				CLANG_WARN_BLOCK_CAPTURE_AUTORELEASING = YES;
				CLANG_WARN_BOOL_CONVERSION = YES;
				CLANG_WARN_COMMA = YES;
				CLANG_WARN_CONSTANT_CONVERSION = YES;
				CLANG_WARN_DEPRECATED_OBJC_IMPLEMENTATIONS = YES;
				CLANG_WARN_DIRECT_OBJC_ISA_USAGE = YES_ERROR;
				CLANG_WARN_DOCUMENTATION_COMMENTS = YES;
				CLANG_WARN_EMPTY_BODY = YES;
				CLANG_WARN_ENUM_CONVERSION = YES;
				CLANG_WARN_INFINITE_RECURSION = YES;
				CLANG_WARN_INT_CONVERSION = YES;
				CLANG_WARN_NON_LITERAL_NULL_CONVERSION = YES;
				CLANG_WARN_OBJC_IMPLICIT_RETAIN_SELF = YES;
				CLANG_WARN_OBJC_LITERAL_CONVERSION = YES;
				CLANG_WARN_OBJC_ROOT_CLASS = YES_ERROR;
				CLANG_WARN_QUOTED_INCLUDE_IN_FRAMEWORK_HEADER = YES;
				CLANG_WARN_RANGE_LOOP_ANALYSIS = YES;
				CLANG_WARN_STRICT_PROTOTYPES = YES;
				CLANG_WARN_SUSPICIOUS_MOVE = YES;
				CLANG_WARN_UNGUARDED_AVAILABILITY = YES_AGGRESSIVE;
				CLANG_WARN_UNREACHABLE_CODE = YES;
				CLANG_WARN__DUPLICATE_METHOD_MATCH = YES;
				COPY_PHASE_STRIP = NO;
				DEBUG_INFORMATION_FORMAT = dwarf;
				ENABLE_STRICT_OBJC_MSGSEND = YES;
				ENABLE_TESTABILITY = YES;
				GCC_C_LANGUAGE_STANDARD = gnu11;
				GCC_DYNAMIC_NO_PIC = NO;
				GCC_NO_COMMON_BLOCKS = YES;
				GCC_OPTIMIZATION_LEVEL = 0;
				GCC_PREPROCESSOR_DEFINITIONS = (
					"DEBUG=1",
					"$(inherited)",
				);
				GCC_WARN_64_TO_32_BIT_CONVERSION = YES;
				GCC_WARN_ABOUT_RETURN_TYPE = YES_ERROR;
				GCC_WARN_UNDECLARED_SELECTOR = YES;
				GCC_WARN_UNINITIALIZED_AUTOS = YES_AGGRESSIVE;
				GCC_WARN_UNUSED_FUNCTION = YES;
				GCC_WARN_UNUSED_VARIABLE = YES;
				IPHONEOS_DEPLOYMENT_TARGET = 15.5;
				MTL_ENABLE_DEBUG_INFO = INCLUDE_SOURCE;
				MTL_FAST_MATH = YES;
				ONLY_ACTIVE_ARCH = YES;
				SDKROOT = iphoneos;
				SWIFT_ACTIVE_COMPILATION_CONDITIONS = DEBUG;
				SWIFT_OPTIMIZATION_LEVEL = "-Onone";
			};
			name = Debug;
		};
		49C0A6C12863DE760014890B /* Release */ = {
			isa = XCBuildConfiguration;
			buildSettings = {
				ALWAYS_SEARCH_USER_PATHS = NO;
				CLANG_ANALYZER_NONNULL = YES;
				CLANG_ANALYZER_NUMBER_OBJECT_CONVERSION = YES_AGGRESSIVE;
				CLANG_CXX_LANGUAGE_STANDARD = "gnu++17";
				CLANG_ENABLE_MODULES = YES;
				CLANG_ENABLE_OBJC_ARC = YES;
				CLANG_ENABLE_OBJC_WEAK = YES;
				CLANG_WARN_BLOCK_CAPTURE_AUTORELEASING = YES;
				CLANG_WARN_BOOL_CONVERSION = YES;
				CLANG_WARN_COMMA = YES;
				CLANG_WARN_CONSTANT_CONVERSION = YES;
				CLANG_WARN_DEPRECATED_OBJC_IMPLEMENTATIONS = YES;
				CLANG_WARN_DIRECT_OBJC_ISA_USAGE = YES_ERROR;
				CLANG_WARN_DOCUMENTATION_COMMENTS = YES;
				CLANG_WARN_EMPTY_BODY = YES;
				CLANG_WARN_ENUM_CONVERSION = YES;
				CLANG_WARN_INFINITE_RECURSION = YES;
				CLANG_WARN_INT_CONVERSION = YES;
				CLANG_WARN_NON_LITERAL_NULL_CONVERSION = YES;
				CLANG_WARN_OBJC_IMPLICIT_RETAIN_SELF = YES;
				CLANG_WARN_OBJC_LITERAL_CONVERSION = YES;
				CLANG_WARN_OBJC_ROOT_CLASS = YES_ERROR;
				CLANG_WARN_QUOTED_INCLUDE_IN_FRAMEWORK_HEADER = YES;
				CLANG_WARN_RANGE_LOOP_ANALYSIS = YES;
				CLANG_WARN_STRICT_PROTOTYPES = YES;
				CLANG_WARN_SUSPICIOUS_MOVE = YES;
				CLANG_WARN_UNGUARDED_AVAILABILITY = YES_AGGRESSIVE;
				CLANG_WARN_UNREACHABLE_CODE = YES;
				CLANG_WARN__DUPLICATE_METHOD_MATCH = YES;
				COPY_PHASE_STRIP = NO;
				DEBUG_INFORMATION_FORMAT = "dwarf-with-dsym";
				ENABLE_NS_ASSERTIONS = NO;
				ENABLE_STRICT_OBJC_MSGSEND = YES;
				GCC_C_LANGUAGE_STANDARD = gnu11;
				GCC_NO_COMMON_BLOCKS = YES;
				GCC_WARN_64_TO_32_BIT_CONVERSION = YES;
				GCC_WARN_ABOUT_RETURN_TYPE = YES_ERROR;
				GCC_WARN_UNDECLARED_SELECTOR = YES;
				GCC_WARN_UNINITIALIZED_AUTOS = YES_AGGRESSIVE;
				GCC_WARN_UNUSED_FUNCTION = YES;
				GCC_WARN_UNUSED_VARIABLE = YES;
				IPHONEOS_DEPLOYMENT_TARGET = 15.5;
				MTL_ENABLE_DEBUG_INFO = NO;
				MTL_FAST_MATH = YES;
				SDKROOT = iphoneos;
				SWIFT_COMPILATION_MODE = wholemodule;
				SWIFT_OPTIMIZATION_LEVEL = "-O";
				VALIDATE_PRODUCT = YES;
			};
			name = Release;
		};
		49C0A6C32863DE760014890B /* Debug */ = {
			isa = XCBuildConfiguration;
			buildSettings = {
				ASSETCATALOG_COMPILER_APPICON_NAME = AppIcon;
				ASSETCATALOG_COMPILER_GLOBAL_ACCENT_COLOR_NAME = AccentColor;
				CODE_SIGN_STYLE = Automatic;
				CURRENT_PROJECT_VERSION = 1;
				DEVELOPMENT_ASSET_PATHS = "\"Tender/Preview Content\"";
				DEVELOPMENT_TEAM = 2GWD42YY9V;
				ENABLE_PREVIEWS = YES;
				GENERATE_INFOPLIST_FILE = YES;
				INFOPLIST_KEY_UIApplicationSceneManifest_Generation = YES;
				INFOPLIST_KEY_UIApplicationSupportsIndirectInputEvents = YES;
				INFOPLIST_KEY_UILaunchScreen_Generation = YES;
				INFOPLIST_KEY_UISupportedInterfaceOrientations_iPad = "UIInterfaceOrientationPortrait UIInterfaceOrientationPortraitUpsideDown UIInterfaceOrientationLandscapeLeft UIInterfaceOrientationLandscapeRight";
				INFOPLIST_KEY_UISupportedInterfaceOrientations_iPhone = "UIInterfaceOrientationPortrait UIInterfaceOrientationLandscapeLeft UIInterfaceOrientationLandscapeRight";
				LD_RUNPATH_SEARCH_PATHS = (
					"$(inherited)",
					"@executable_path/Frameworks",
				);
				MARKETING_VERSION = 1.0;
				PRODUCT_BUNDLE_IDENTIFIER = com.RaspiDigital;
				PRODUCT_NAME = "$(TARGET_NAME)";
				SWIFT_EMIT_LOC_STRINGS = YES;
				SWIFT_VERSION = 5.0;
				TARGETED_DEVICE_FAMILY = "1,2";
			};
			name = Debug;
		};
		49C0A6C42863DE760014890B /* Release */ = {
			isa = XCBuildConfiguration;
			buildSettings = {
				ASSETCATALOG_COMPILER_APPICON_NAME = AppIcon;
				ASSETCATALOG_COMPILER_GLOBAL_ACCENT_COLOR_NAME = AccentColor;
				CODE_SIGN_STYLE = Automatic;
				CURRENT_PROJECT_VERSION = 1;
				DEVELOPMENT_ASSET_PATHS = "\"Tender/Preview Content\"";
				DEVELOPMENT_TEAM = 2GWD42YY9V;
				ENABLE_PREVIEWS = YES;
				GENERATE_INFOPLIST_FILE = YES;
				INFOPLIST_KEY_UIApplicationSceneManifest_Generation = YES;
				INFOPLIST_KEY_UIApplicationSupportsIndirectInputEvents = YES;
				INFOPLIST_KEY_UILaunchScreen_Generation = YES;
				INFOPLIST_KEY_UISupportedInterfaceOrientations_iPad = "UIInterfaceOrientationPortrait UIInterfaceOrientationPortraitUpsideDown UIInterfaceOrientationLandscapeLeft UIInterfaceOrientationLandscapeRight";
				INFOPLIST_KEY_UISupportedInterfaceOrientations_iPhone = "UIInterfaceOrientationPortrait UIInterfaceOrientationLandscapeLeft UIInterfaceOrientationLandscapeRight";
				LD_RUNPATH_SEARCH_PATHS = (
					"$(inherited)",
					"@executable_path/Frameworks",
				);
				MARKETING_VERSION = 1.0;
				PRODUCT_BUNDLE_IDENTIFIER = com.RaspiDigital;
				PRODUCT_NAME = "$(TARGET_NAME)";
				SWIFT_EMIT_LOC_STRINGS = YES;
				SWIFT_VERSION = 5.0;
				TARGETED_DEVICE_FAMILY = "1,2";
			};
			name = Release;
		};
/* End XCBuildConfiguration section */

/* Begin XCConfigurationList section */
		49C0A6AF2863DE750014890B /* Build configuration list for PBXProject "Tender" */ = {
			isa = XCConfigurationList;
			buildConfigurations = (
				49C0A6C02863DE760014890B /* Debug */,
				49C0A6C12863DE760014890B /* Release */,
			);
			defaultConfigurationIsVisible = 0;
			defaultConfigurationName = Release;
		};
		49C0A6C22863DE760014890B /* Build configuration list for PBXNativeTarget "Tender" */ = {
			isa = XCConfigurationList;
			buildConfigurations = (
				49C0A6C32863DE760014890B /* Debug */,
				49C0A6C42863DE760014890B /* Release */,
			);
			defaultConfigurationIsVisible = 0;
			defaultConfigurationName = Release;
		};
/* End XCConfigurationList section */

/* Begin XCRemoteSwiftPackageReference section */
		49C0A6CC2863E1CD0014890B /* XCRemoteSwiftPackageReference "Kingfisher" */ = {
			isa = XCRemoteSwiftPackageReference;
			repositoryURL = "https://github.com/onevcat/Kingfisher.git";
			requirement = {
				branch = master;
				kind = branch;
			};
		};
/* End XCRemoteSwiftPackageReference section */

/* Begin XCSwiftPackageProductDependency section */
		49C0A6CD2863E1CD0014890B /* Kingfisher */ = {
			isa = XCSwiftPackageProductDependency;
			package = 49C0A6CC2863E1CD0014890B /* XCRemoteSwiftPackageReference "Kingfisher" */;
			productName = Kingfisher;
		};
/* End XCSwiftPackageProductDependency section */
	};
	rootObject = 49C0A6AC2863DE750014890B /* Project object */;
}
