{
  "pins" : [
    {
      "identity" : "kingfisher",
      "kind" : "remoteSourceControl",
      "location" : "https://github.com/onevcat/Kingfisher.git",
      "state" : {
        "branch" : "master",
        "revision" : "02fe295308c12fac7f101e085e3c345965d295a1"
      }
    }
  ],
  "version" : 2
}
